{
    "_readme": [
        "This file locks the dependencies of your project to a known state",
        "Read more about it at https://getcomposer.org/doc/01-basic-usage.md#installing-dependencies",
        "This file is @generated automatically"
    ],
    "content-hash": "c6492ec36cf983fb761e89232266ae8b",
    "packages": [
        {
            "name": "itsgoingd/clockwork",
            "version": "v1.14.5",
            "source": {
                "type": "git",
                "url": "https://github.com/itsgoingd/clockwork.git",
                "reference": "55ec557cc8cc60944de0eefbe27f905d538a8f70"
            },
            "dist": {
                "type": "zip",
                "url": "https://api.github.com/repos/itsgoingd/clockwork/zipball/55ec557cc8cc60944de0eefbe27f905d538a8f70",
                "reference": "55ec557cc8cc60944de0eefbe27f905d538a8f70",
                "shasum": ""
            },
            "require": {
                "php": ">=5.3.9",
                "psr/log": "1.*"
            },
            "type": "library",
            "extra": {
                "laravel": {
                    "providers": [
                        "Clockwork\\Support\\Laravel\\ClockworkServiceProvider"
                    ],
                    "aliases": {
                        "Clockwork": "Clockwork\\Support\\Laravel\\Facade"
                    }
                }
            },
            "autoload": {
                "psr-4": {
                    "Clockwork\\": "Clockwork/"
                }
            },
            "notification-url": "https://packagist.org/downloads/",
            "license": [
                "MIT"
            ],
            "authors": [
                {
                    "name": "itsgoingd",
                    "email": "itsgoingd@luzer.sk",
                    "homepage": "http://twitter.com/itsgoingd"
                }
            ],
            "description": "Server-side component of Clockwork, a Chrome extension for PHP development",
            "homepage": "http://github.com/itsgoingd/clockwork",
            "keywords": [
                "debugging",
                "laravel",
                "logging",
                "profiling"
            ],
            "support": {
                "issues": "https://github.com/itsgoingd/clockwork/issues",
                "source": "https://github.com/itsgoingd/clockwork/tree/v1.14.5"
            },
            "time": "2017-09-15T14:50:14+00:00"
        }
    ],
    "packages-dev": [],
    "aliases": [],
    "minimum-stability": "stable",
    "stability-flags": [],
    "prefer-stable": false,
    "prefer-lowest": false,
    "platform": {
        "php": ">=5.4.0"
    },
    "platform-dev": [],
    "platform-overrides": {
        "php": "7.2.9"
    },
    "plugin-api-version": "2.0.0"
}
